
Microsoft Visual Studio Solution File, Format Version 12.00
# Visual Studio Version 16
VisualStudioVersion = 16.0.29230.47
MinimumVisualStudioVersion = 10.0.40219.1
Project("{2150E333-8FDC-42A3-9474-1A3956D46DE8}") = "tests", "tests", "{FD3CAA3F-296C-4ECB-A6E9-A4A8CA3E15B6}"
EndProject
Project("{2150E333-8FDC-42A3-9474-1A3956D46DE8}") = "solutions", "solutions", "{0F585759-A22A-4564-AD05-11924B6B1DDF}"
EndProject
Project("{2150E333-8FDC-42A3-9474-1A3956D46DE8}") = "common", "common", "{2AD54360-54F9-4CCD-8261-2ED80D5E8F4C}"
EndProject
Project("{9A19103F-16F7-4668-BE54-9A1E7A4F7556}") = "DevelopmentHub.Tests.Ui", "tests\DevelopmentHub.Tests.Ui\DevelopmentHub.Tests.Ui.csproj", "{D4F155F1-411E-4C63-95F6-F0F9D9D450DA}"
EndProject
Project("{2150E333-8FDC-42A3-9474-1A3956D46DE8}") = "Solution Items", "Solution Items", "{66632694-4D0C-4007-B7AC-059E9BCC5932}"
	ProjectSection(SolutionItems) = preProject
		.editorconfig = .editorconfig
		build.ps1 = build.ps1
	EndProjectSection
EndProject
Project("{D954291E-2A0B-460D-934E-DC6B0785DB48}") = "DevelopmentHub.BusinessLogic", "src\common\DevelopmentHub.BusinessLogic\DevelopmentHub.BusinessLogic.shproj", "{2B1EF6DE-63CC-4B7E-9BF6-5D9B4C0AFDED}"
EndProject
Project("{D954291E-2A0B-460D-934E-DC6B0785DB48}") = "DevelopmentHub.Repositories", "src\common\DevelopmentHub.Repositories\DevelopmentHub.Repositories.shproj", "{56D657E2-2DB7-4489-AD26-CA2E147836C6}"
EndProject
Project("{2150E333-8FDC-42A3-9474-1A3956D46DE8}") = "deploy", "deploy", "{D0CD09F0-8603-4099-B6E1-A65C77BC7459}"
EndProject
Project("{9A19103F-16F7-4668-BE54-9A1E7A4F7556}") = "DevelopmentHub.Deployment", "deploy\DevelopmentHub.Deployment.csproj", "{4E0FEC5A-48CA-423F-B581-86B12F3A0E7B}"
EndProject
Project("{9A19103F-16F7-4668-BE54-9A1E7A4F7556}") = "DevelopmentHub.Tests.Unit", "tests\DevelopmentHub.Tests.Unit\DevelopmentHub.Tests.Unit.csproj", "{F9924F3A-AF7A-408B-BF7E-4833CA103E70}"
EndProject
Project("{9A19103F-16F7-4668-BE54-9A1E7A4F7556}") = "DevelopmentHub.Tests.Integration", "tests\DevelopmentHub.Tests.Integration\DevelopmentHub.Tests.Integration.csproj", "{FD08C829-9610-4141-8C8F-0CDB7DCDDB57}"
EndProject
Project("{9A19103F-16F7-4668-BE54-9A1E7A4F7556}") = "DevelopmentHub.Container", "src\common\DevelopmentHub.Container\DevelopmentHub.Container.csproj", "{F9E5EF62-5BDF-4E36-8027-D265754B56C7}"
EndProject
Project("{D954291E-2A0B-460D-934E-DC6B0785DB48}") = "DevelopmentHub.Model", "src\common\DevelopmentHub.Model\DevelopmentHub.Model.shproj", "{9903C7AB-FF17-4FE6-AA49-F4B429847BCA}"
EndProject
Project("{2150E333-8FDC-42A3-9474-1A3956D46DE8}") = "src", "src", "{03372F36-58D1-40DB-984D-71C06C19E093}"
EndProject
Project("{9A19103F-16F7-4668-BE54-9A1E7A4F7556}") = "DevelopmentHub.Issues", "src\solutions\devhub_DevelopmentHub_Issues\PluginAssemblies\DevelopmentHub.Issues\DevelopmentHub.Issues.csproj", "{64ABB0F7-44DF-6117-3387-B2B32BB452EE}"
EndProject
Project("{9A19103F-16F7-4668-BE54-9A1E7A4F7556}") = "DevelopmentHub.Develop", "src\solutions\devhub_DevelopmentHub_Develop\PluginAssemblies\DevelopmentHub.Develop\DevelopmentHub.Develop.csproj", "{AF4354C4-16BE-A48C-ABE4-08960B527EF4}"
EndProject
Project("{9A19103F-16F7-4668-BE54-9A1E7A4F7556}") = "_build", "build\_build.csproj", "{8A3C4757-2837-4702-8122-C265DE40BADB}"
EndProject
Global
	GlobalSection(SharedMSBuildProjectFiles) = preSolution
		src\common\DevelopmentHub.BusinessLogic\DevelopmentHub.BusinessLogic.projitems*{2b1ef6de-63cc-4b7e-9bf6-5d9b4c0afded}*SharedItemsImports = 13
		src\common\DevelopmentHub.Repositories\DevelopmentHub.Repositories.projitems*{56d657e2-2db7-4489-ad26-ca2e147836c6}*SharedItemsImports = 13
		src\common\DevelopmentHub.BusinessLogic\DevelopmentHub.BusinessLogic.projitems*{64abb0f7-44df-6117-3387-b2b32bb452ee}*SharedItemsImports = 5
		src\common\DevelopmentHub.Model\DevelopmentHub.Model.projitems*{64abb0f7-44df-6117-3387-b2b32bb452ee}*SharedItemsImports = 5
		src\common\DevelopmentHub.Repositories\DevelopmentHub.Repositories.projitems*{64abb0f7-44df-6117-3387-b2b32bb452ee}*SharedItemsImports = 5
		src\common\DevelopmentHub.Model\DevelopmentHub.Model.projitems*{9903c7ab-ff17-4fe6-aa49-f4b429847bca}*SharedItemsImports = 13
		src\common\DevelopmentHub.BusinessLogic\DevelopmentHub.BusinessLogic.projitems*{af4354c4-16be-a48c-abe4-08960b527ef4}*SharedItemsImports = 5
		src\common\DevelopmentHub.Model\DevelopmentHub.Model.projitems*{af4354c4-16be-a48c-abe4-08960b527ef4}*SharedItemsImports = 5
		src\common\DevelopmentHub.Repositories\DevelopmentHub.Repositories.projitems*{af4354c4-16be-a48c-abe4-08960b527ef4}*SharedItemsImports = 5
		src\common\DevelopmentHub.BusinessLogic\DevelopmentHub.BusinessLogic.projitems*{f9e5ef62-5bdf-4e36-8027-d265754b56c7}*SharedItemsImports = 5
		src\common\DevelopmentHub.Model\DevelopmentHub.Model.projitems*{f9e5ef62-5bdf-4e36-8027-d265754b56c7}*SharedItemsImports = 5
		src\common\DevelopmentHub.Repositories\DevelopmentHub.Repositories.projitems*{f9e5ef62-5bdf-4e36-8027-d265754b56c7}*SharedItemsImports = 5
	EndGlobalSection
	GlobalSection(SolutionConfigurationPlatforms) = preSolution
		Debug|Any CPU = Debug|Any CPU
		Release|Any CPU = Release|Any CPU
		Test|Any CPU = Test|Any CPU
	EndGlobalSection
	GlobalSection(ProjectConfigurationPlatforms) = postSolution
		{D4F155F1-411E-4C63-95F6-F0F9D9D450DA}.Debug|Any CPU.ActiveCfg = Debug|Any CPU
		{D4F155F1-411E-4C63-95F6-F0F9D9D450DA}.Release|Any CPU.ActiveCfg = Release|Any CPU
		{D4F155F1-411E-4C63-95F6-F0F9D9D450DA}.Test|Any CPU.ActiveCfg = Debug|Any CPU
		{D4F155F1-411E-4C63-95F6-F0F9D9D450DA}.Test|Any CPU.Build.0 = Debug|Any CPU
		{4E0FEC5A-48CA-423F-B581-86B12F3A0E7B}.Debug|Any CPU.ActiveCfg = Debug|Any CPU
		{4E0FEC5A-48CA-423F-B581-86B12F3A0E7B}.Debug|Any CPU.Build.0 = Debug|Any CPU
		{4E0FEC5A-48CA-423F-B581-86B12F3A0E7B}.Release|Any CPU.ActiveCfg = Release|Any CPU
		{4E0FEC5A-48CA-423F-B581-86B12F3A0E7B}.Release|Any CPU.Build.0 = Release|Any CPU
		{4E0FEC5A-48CA-423F-B581-86B12F3A0E7B}.Test|Any CPU.ActiveCfg = Test|Any CPU
		{4E0FEC5A-48CA-423F-B581-86B12F3A0E7B}.Test|Any CPU.Build.0 = Test|Any CPU
		{F9924F3A-AF7A-408B-BF7E-4833CA103E70}.Debug|Any CPU.ActiveCfg = Debug|Any CPU
		{F9924F3A-AF7A-408B-BF7E-4833CA103E70}.Release|Any CPU.ActiveCfg = Release|Any CPU
		{F9924F3A-AF7A-408B-BF7E-4833CA103E70}.Test|Any CPU.ActiveCfg = Debug|Any CPU
		{F9924F3A-AF7A-408B-BF7E-4833CA103E70}.Test|Any CPU.Build.0 = Debug|Any CPU
		{FD08C829-9610-4141-8C8F-0CDB7DCDDB57}.Debug|Any CPU.ActiveCfg = Debug|Any CPU
		{FD08C829-9610-4141-8C8F-0CDB7DCDDB57}.Release|Any CPU.ActiveCfg = Release|Any CPU
		{FD08C829-9610-4141-8C8F-0CDB7DCDDB57}.Test|Any CPU.ActiveCfg = Debug|Any CPU
		{FD08C829-9610-4141-8C8F-0CDB7DCDDB57}.Test|Any CPU.Build.0 = Debug|Any CPU
		{F9E5EF62-5BDF-4E36-8027-D265754B56C7}.Debug|Any CPU.ActiveCfg = Debug|Any CPU
		{F9E5EF62-5BDF-4E36-8027-D265754B56C7}.Release|Any CPU.ActiveCfg = Release|Any CPU
		{F9E5EF62-5BDF-4E36-8027-D265754B56C7}.Test|Any CPU.ActiveCfg = Debug|Any CPU
		{F9E5EF62-5BDF-4E36-8027-D265754B56C7}.Test|Any CPU.Build.0 = Debug|Any CPU
		{64ABB0F7-44DF-6117-3387-B2B32BB452EE}.Debug|Any CPU.ActiveCfg = Debug|Any CPU
		{64ABB0F7-44DF-6117-3387-B2B32BB452EE}.Debug|Any CPU.Build.0 = Debug|Any CPU
		{64ABB0F7-44DF-6117-3387-B2B32BB452EE}.Release|Any CPU.ActiveCfg = Release|Any CPU
		{64ABB0F7-44DF-6117-3387-B2B32BB452EE}.Release|Any CPU.Build.0 = Release|Any CPU
		{64ABB0F7-44DF-6117-3387-B2B32BB452EE}.Test|Any CPU.ActiveCfg = Test|Any CPU
		{64ABB0F7-44DF-6117-3387-B2B32BB452EE}.Test|Any CPU.Build.0 = Test|Any CPU
		{AF4354C4-16BE-A48C-ABE4-08960B527EF4}.Debug|Any CPU.ActiveCfg = Debug|Any CPU
		{AF4354C4-16BE-A48C-ABE4-08960B527EF4}.Debug|Any CPU.Build.0 = Debug|Any CPU
		{AF4354C4-16BE-A48C-ABE4-08960B527EF4}.Release|Any CPU.ActiveCfg = Release|Any CPU
		{AF4354C4-16BE-A48C-ABE4-08960B527EF4}.Release|Any CPU.Build.0 = Release|Any CPU
		{AF4354C4-16BE-A48C-ABE4-08960B527EF4}.Test|Any CPU.ActiveCfg = Test|Any CPU
		{AF4354C4-16BE-A48C-ABE4-08960B527EF4}.Test|Any CPU.Build.0 = Test|Any CPU
		{8A3C4757-2837-4702-8122-C265DE40BADB}.Debug|Any CPU.ActiveCfg = Debug|Any CPU
		{8A3C4757-2837-4702-8122-C265DE40BADB}.Debug|Any CPU.Build.0 = Debug|Any CPU
		{8A3C4757-2837-4702-8122-C265DE40BADB}.Release|Any CPU.ActiveCfg = Release|Any CPU
		{8A3C4757-2837-4702-8122-C265DE40BADB}.Release|Any CPU.Build.0 = Release|Any CPU
		{8A3C4757-2837-4702-8122-C265DE40BADB}.Test|Any CPU.ActiveCfg = Debug|Any CPU
		{8A3C4757-2837-4702-8122-C265DE40BADB}.Test|Any CPU.Build.0 = Debug|Any CPU
	EndGlobalSection
	GlobalSection(SolutionProperties) = preSolution
		HideSolutionNode = FALSE
	EndGlobalSection
	GlobalSection(NestedProjects) = preSolution
		{0F585759-A22A-4564-AD05-11924B6B1DDF} = {03372F36-58D1-40DB-984D-71C06C19E093}
		{2AD54360-54F9-4CCD-8261-2ED80D5E8F4C} = {03372F36-58D1-40DB-984D-71C06C19E093}
		{D4F155F1-411E-4C63-95F6-F0F9D9D450DA} = {FD3CAA3F-296C-4ECB-A6E9-A4A8CA3E15B6}
		{2B1EF6DE-63CC-4B7E-9BF6-5D9B4C0AFDED} = {2AD54360-54F9-4CCD-8261-2ED80D5E8F4C}
		{56D657E2-2DB7-4489-AD26-CA2E147836C6} = {2AD54360-54F9-4CCD-8261-2ED80D5E8F4C}
		{4E0FEC5A-48CA-423F-B581-86B12F3A0E7B} = {D0CD09F0-8603-4099-B6E1-A65C77BC7459}
		{F9924F3A-AF7A-408B-BF7E-4833CA103E70} = {FD3CAA3F-296C-4ECB-A6E9-A4A8CA3E15B6}
		{FD08C829-9610-4141-8C8F-0CDB7DCDDB57} = {FD3CAA3F-296C-4ECB-A6E9-A4A8CA3E15B6}
		{F9E5EF62-5BDF-4E36-8027-D265754B56C7} = {2AD54360-54F9-4CCD-8261-2ED80D5E8F4C}
		{9903C7AB-FF17-4FE6-AA49-F4B429847BCA} = {2AD54360-54F9-4CCD-8261-2ED80D5E8F4C}
		{64ABB0F7-44DF-6117-3387-B2B32BB452EE} = {0F585759-A22A-4564-AD05-11924B6B1DDF}
		{AF4354C4-16BE-A48C-ABE4-08960B527EF4} = {0F585759-A22A-4564-AD05-11924B6B1DDF}
	EndGlobalSection
	GlobalSection(ExtensibilityGlobals) = postSolution
		SolutionGuid = {3D6A7645-2C64-4610-BC84-6AD17AA98B71}
	EndGlobalSection
EndGlobal
